
Microsoft Visual Studio Solution File, Format Version 12.00
# Visual Studio Version 17
VisualStudioVersion = 17.1.32421.90
MinimumVisualStudioVersion = 10.0.40219.1
Project("{8BC9CEB8-8B4A-11D0-8D11-00A0C91BC942}") = "예제2-3", "예제2-3.vcxproj", "{29C2B4E8-3FEA-4EDB-B358-0F35165DFB3D}"
EndProject
Global
	GlobalSection(SolutionConfigurationPlatforms) = preSolution
		Debug|x64 = Debug|x64
		Debug|x86 = Debug|x86
		Release|x64 = Release|x64
		Release|x86 = Release|x86
	EndGlobalSection
	GlobalSection(ProjectConfigurationPlatforms) = postSolution
		{29C2B4E8-3FEA-4EDB-B358-0F35165DFB3D}.Debug|x64.ActiveCfg = Debug|x64
		{29C2B4E8-3FEA-4EDB-B358-0F35165DFB3D}.Debug|x64.Build.0 = Debug|x64
		{29C2B4E8-3FEA-4EDB-B358-0F35165DFB3D}.Debug|x86.ActiveCfg = Debug|Win32
		{29C2B4E8-3FEA-4EDB-B358-0F35165DFB3D}.Debug|x86.Build.0 = Debug|Win32
		{29C2B4E8-3FEA-4EDB-B358-0F35165DFB3D}.Release|x64.ActiveCfg = Release|x64
		{29C2B4E8-3FEA-4EDB-B358-0F35165DFB3D}.Release|x64.Build.0 = Release|x64
		{29C2B4E8-3FEA-4EDB-B358-0F35165DFB3D}.Release|x86.ActiveCfg = Release|Win32
		{29C2B4E8-3FEA-4EDB-B358-0F35165DFB3D}.Release|x86.Build.0 = Release|Win32
	EndGlobalSection
	GlobalSection(SolutionProperties) = preSolution
		HideSolutionNode = FALSE
	EndGlobalSection
	GlobalSection(ExtensibilityGlobals) = postSolution
		SolutionGuid = {9D5C8FEA-31C6-4A7F-AD0D-3DBF6AAB4295}
	EndGlobalSection
EndGlobal
